
Microsoft Visual Studio Solution File, Format Version 12.00
# Visual Studio Version 17
VisualStudioVersion = 17.11.35303.130
MinimumVisualStudioVersion = 10.0.40219.1
Project("{9A19103F-16F7-4668-BE54-9A1E7A4F7556}") = "OppeniddictServer", "OppeniddictServer\OppeniddictServer.csproj", "{07220CC0-230C-4159-B97A-1E8E8A3002DB}"
EndProject
Project("{9A19103F-16F7-4668-BE54-9A1E7A4F7556}") = "OpenIddictResourceServer", "OpenIddictResourceServer\OpenIddictResourceServer.csproj", "{6A8E5F21-54B6-482D-BAD3-9204E2645545}"
EndProject
Project("{9A19103F-16F7-4668-BE54-9A1E7A4F7556}") = "Skoruba.IdentityServer4.STS.Identity", "..\IdentityServer4.Admin\src\Skoruba.IdentityServer4.STS.Identity\Skoruba.IdentityServer4.STS.Identity.csproj", "{F7B04987-CCB1-4695-A350-EF7D7C6568CD}"
EndProject
Global
	GlobalSection(SolutionConfigurationPlatforms) = preSolution
		Debug|Any CPU = Debug|Any CPU
		Release|Any CPU = Release|Any CPU
	EndGlobalSection
	GlobalSection(ProjectConfigurationPlatforms) = postSolution
		{07220CC0-230C-4159-B97A-1E8E8A3002DB}.Debug|Any CPU.ActiveCfg = Debug|Any CPU
		{07220CC0-230C-4159-B97A-1E8E8A3002DB}.Debug|Any CPU.Build.0 = Debug|Any CPU
		{07220CC0-230C-4159-B97A-1E8E8A3002DB}.Release|Any CPU.ActiveCfg = Release|Any CPU
		{07220CC0-230C-4159-B97A-1E8E8A3002DB}.Release|Any CPU.Build.0 = Release|Any CPU
		{6A8E5F21-54B6-482D-BAD3-9204E2645545}.Debug|Any CPU.ActiveCfg = Debug|Any CPU
		{6A8E5F21-54B6-482D-BAD3-9204E2645545}.Debug|Any CPU.Build.0 = Debug|Any CPU
		{6A8E5F21-54B6-482D-BAD3-9204E2645545}.Release|Any CPU.ActiveCfg = Release|Any CPU
		{6A8E5F21-54B6-482D-BAD3-9204E2645545}.Release|Any CPU.Build.0 = Release|Any CPU
		{F7B04987-CCB1-4695-A350-EF7D7C6568CD}.Debug|Any CPU.ActiveCfg = Debug|Any CPU
		{F7B04987-CCB1-4695-A350-EF7D7C6568CD}.Debug|Any CPU.Build.0 = Debug|Any CPU
		{F7B04987-CCB1-4695-A350-EF7D7C6568CD}.Release|Any CPU.ActiveCfg = Release|Any CPU
		{F7B04987-CCB1-4695-A350-EF7D7C6568CD}.Release|Any CPU.Build.0 = Release|Any CPU
	EndGlobalSection
	GlobalSection(SolutionProperties) = preSolution
		HideSolutionNode = FALSE
	EndGlobalSection
	GlobalSection(ExtensibilityGlobals) = postSolution
		SolutionGuid = {67D65B39-B9BD-420C-98E8-7EE0C9365BC1}
	EndGlobalSection
EndGlobal
